
Microsoft Visual Studio Solution File, Format Version 12.00
# Visual Studio 15
VisualStudioVersion = 15.0.26730.16
MinimumVisualStudioVersion = 10.0.40219.1
Project("{FAE04EC0-301F-11D3-BF4B-00C04F79EFBC}") = "CS3280GroupProject", "CS3280GroupProject\CS3280GroupProject.csproj", "{FE87DFA2-4BAF-4A12-935E-61F6D915DFA8}"
EndProject
Global
	GlobalSection(SolutionConfigurationPlatforms) = preSolution
		Debug|Any CPU = Debug|Any CPU
		Release|Any CPU = Release|Any CPU
	EndGlobalSection
	GlobalSection(ProjectConfigurationPlatforms) = postSolution
		{FE87DFA2-4BAF-4A12-935E-61F6D915DFA8}.Debug|Any CPU.ActiveCfg = Debug|Any CPU
		{FE87DFA2-4BAF-4A12-935E-61F6D915DFA8}.Debug|Any CPU.Build.0 = Debug|Any CPU
		{FE87DFA2-4BAF-4A12-935E-61F6D915DFA8}.Release|Any CPU.ActiveCfg = Release|Any CPU
		{FE87DFA2-4BAF-4A12-935E-61F6D915DFA8}.Release|Any CPU.Build.0 = Release|Any CPU
	EndGlobalSection
	GlobalSection(SolutionProperties) = preSolution
		HideSolutionNode = FALSE
	EndGlobalSection
	GlobalSection(ExtensibilityGlobals) = postSolution
		SolutionGuid = {BA6135D4-C215-4204-A7A8-F0B024763FFB}
	EndGlobalSection
EndGlobal
